
Microsoft Visual Studio Solution File, Format Version 12.00
# Visual Studio Version 16
VisualStudioVersion = 16.0.30503.244
MinimumVisualStudioVersion = 10.0.40219.1
Project("{9A19103F-16F7-4668-BE54-9A1E7A4F7556}") = "MOEX-web", "MOEX_web\MOEX-web.csproj", "{AE68CF31-F44F-44B1-8FAF-6874AA73F802}"
EndProject
Project("{9A19103F-16F7-4668-BE54-9A1E7A4F7556}") = "MOEX-TestsXUnit", "MOEX_web.Tests\MOEX-TestsXUnit.csproj", "{6414221E-01F5-4B21-83FC-BB1CD834C791}"
EndProject
Global
	GlobalSection(SolutionConfigurationPlatforms) = preSolution
		Debug|Any CPU = Debug|Any CPU
		Release|Any CPU = Release|Any CPU
	EndGlobalSection
	GlobalSection(ProjectConfigurationPlatforms) = postSolution
		{AE68CF31-F44F-44B1-8FAF-6874AA73F802}.Debug|Any CPU.ActiveCfg = Debug|Any CPU
		{AE68CF31-F44F-44B1-8FAF-6874AA73F802}.Debug|Any CPU.Build.0 = Debug|Any CPU
		{AE68CF31-F44F-44B1-8FAF-6874AA73F802}.Release|Any CPU.ActiveCfg = Release|Any CPU
		{AE68CF31-F44F-44B1-8FAF-6874AA73F802}.Release|Any CPU.Build.0 = Release|Any CPU
		{6414221E-01F5-4B21-83FC-BB1CD834C791}.Debug|Any CPU.ActiveCfg = Debug|Any CPU
		{6414221E-01F5-4B21-83FC-BB1CD834C791}.Debug|Any CPU.Build.0 = Debug|Any CPU
		{6414221E-01F5-4B21-83FC-BB1CD834C791}.Release|Any CPU.ActiveCfg = Release|Any CPU
		{6414221E-01F5-4B21-83FC-BB1CD834C791}.Release|Any CPU.Build.0 = Release|Any CPU
	EndGlobalSection
	GlobalSection(SolutionProperties) = preSolution
		HideSolutionNode = FALSE
	EndGlobalSection
	GlobalSection(ExtensibilityGlobals) = postSolution
		SolutionGuid = {13F72A91-9399-47BC-8CE9-B07821F32AFA}
	EndGlobalSection
EndGlobal
