
Microsoft Visual Studio Solution File, Format Version 12.00
# Visual Studio Version 16
VisualStudioVersion = 16.0.30503.244
MinimumVisualStudioVersion = 10.0.40219.1
Project("{9A19103F-16F7-4668-BE54-9A1E7A4F7556}") = "BlazorApp", "BlazorApp.csproj", "{AFF68142-598C-4C89-AD2B-062689B058F9}"
EndProject
Global
	GlobalSection(SolutionConfigurationPlatforms) = preSolution
		Debug|Any CPU = Debug|Any CPU
		Release|Any CPU = Release|Any CPU
	EndGlobalSection
	GlobalSection(ProjectConfigurationPlatforms) = postSolution
		{AFF68142-598C-4C89-AD2B-062689B058F9}.Debug|Any CPU.ActiveCfg = Debug|Any CPU
		{AFF68142-598C-4C89-AD2B-062689B058F9}.Debug|Any CPU.Build.0 = Debug|Any CPU
		{AFF68142-598C-4C89-AD2B-062689B058F9}.Release|Any CPU.ActiveCfg = Release|Any CPU
		{AFF68142-598C-4C89-AD2B-062689B058F9}.Release|Any CPU.Build.0 = Release|Any CPU
	EndGlobalSection
	GlobalSection(SolutionProperties) = preSolution
		HideSolutionNode = FALSE
	EndGlobalSection
	GlobalSection(ExtensibilityGlobals) = postSolution
		SolutionGuid = {13F72A91-9399-47BC-8CE9-B07821F32AFA}
	EndGlobalSection
EndGlobal
